
Microsoft Visual Studio Solution File, Format Version 12.00
# Visual Studio 15
Project("{FAE04EC0-301F-11D3-BF4B-00C04F79EFBC}") = "Assembly-CSharp", "Assembly-CSharp.csproj", "{18C41EA8-17B3-BAA8-9A98-F536DC07E4D9}"
EndProject
Project("{FAE04EC0-301F-11D3-BF4B-00C04F79EFBC}") = "Assembly-CSharp-Editor", "Assembly-CSharp-Editor.csproj", "{735FC41A-A1A1-DB99-3E72-AED205ADB15D}"
EndProject
Global
	GlobalSection(SolutionConfigurationPlatforms) = preSolution
		Debug|Any CPU = Debug|Any CPU
		Release|Any CPU = Release|Any CPU
	EndGlobalSection
	GlobalSection(ProjectConfigurationPlatforms) = postSolution
		{18C41EA8-17B3-BAA8-9A98-F536DC07E4D9}.Debug|Any CPU.ActiveCfg = Debug|Any CPU
		{18C41EA8-17B3-BAA8-9A98-F536DC07E4D9}.Debug|Any CPU.Build.0 = Debug|Any CPU
		{18C41EA8-17B3-BAA8-9A98-F536DC07E4D9}.Release|Any CPU.ActiveCfg = Release|Any CPU
		{18C41EA8-17B3-BAA8-9A98-F536DC07E4D9}.Release|Any CPU.Build.0 = Release|Any CPU
		{735FC41A-A1A1-DB99-3E72-AED205ADB15D}.Debug|Any CPU.ActiveCfg = Debug|Any CPU
		{735FC41A-A1A1-DB99-3E72-AED205ADB15D}.Debug|Any CPU.Build.0 = Debug|Any CPU
		{735FC41A-A1A1-DB99-3E72-AED205ADB15D}.Release|Any CPU.ActiveCfg = Release|Any CPU
		{735FC41A-A1A1-DB99-3E72-AED205ADB15D}.Release|Any CPU.Build.0 = Release|Any CPU
	EndGlobalSection
	GlobalSection(SolutionProperties) = preSolution
		HideSolutionNode = FALSE
	EndGlobalSection
EndGlobal
